
Microsoft Visual Studio Solution File, Format Version 12.00
# Visual Studio Version 17
VisualStudioVersion = 17.12.35707.178
MinimumVisualStudioVersion = 10.0.40219.1
Project("{FAE04EC0-301F-11D3-BF4B-00C04F79EFBC}") = "16-1-2025", "16-1-2025\16-1-2025.csproj", "{2199020E-0886-4141-9141-1846BE123D68}"
EndProject
Project("{FAE04EC0-301F-11D3-BF4B-00C04F79EFBC}") = "19-1-2025", "..\19-1-2025\19-1-2025.csproj", "{1301E55D-7E7D-4BEF-9749-CB483CC9E9E0}"
EndProject
Project("{FAE04EC0-301F-11D3-BF4B-00C04F79EFBC}") = "20-1-2025", "..\20-1-2025\20-1-2025.csproj", "{10BAE9BB-4047-4EA5-AF67-59B819A24E18}"
EndProject
Project("{FAE04EC0-301F-11D3-BF4B-00C04F79EFBC}") = "21-1-2025", "..\21-1-2025\21-1-2025.csproj", "{90E817D6-0A72-4D1F-AB29-1400538C063A}"
EndProject
Project("{FAE04EC0-301F-11D3-BF4B-00C04F79EFBC}") = "22-1-2025", "..\22-1-2025\22-1-2025.csproj", "{8FDC0E7C-E4A7-4F5F-8A6E-C65F4538437E}"
EndProject
Project("{FAE04EC0-301F-11D3-BF4B-00C04F79EFBC}") = "23-1-2025", "..\23-1-2025\23-1-2025.csproj", "{5A1B34DC-1A89-4FDD-9989-B330E4407997}"
EndProject
Global
	GlobalSection(SolutionConfigurationPlatforms) = preSolution
		Debug|Any CPU = Debug|Any CPU
		Release|Any CPU = Release|Any CPU
	EndGlobalSection
	GlobalSection(ProjectConfigurationPlatforms) = postSolution
		{2199020E-0886-4141-9141-1846BE123D68}.Debug|Any CPU.ActiveCfg = Debug|Any CPU
		{2199020E-0886-4141-9141-1846BE123D68}.Debug|Any CPU.Build.0 = Debug|Any CPU
		{2199020E-0886-4141-9141-1846BE123D68}.Release|Any CPU.ActiveCfg = Release|Any CPU
		{2199020E-0886-4141-9141-1846BE123D68}.Release|Any CPU.Build.0 = Release|Any CPU
		{1301E55D-7E7D-4BEF-9749-CB483CC9E9E0}.Debug|Any CPU.ActiveCfg = Debug|Any CPU
		{1301E55D-7E7D-4BEF-9749-CB483CC9E9E0}.Debug|Any CPU.Build.0 = Debug|Any CPU
		{1301E55D-7E7D-4BEF-9749-CB483CC9E9E0}.Release|Any CPU.ActiveCfg = Release|Any CPU
		{1301E55D-7E7D-4BEF-9749-CB483CC9E9E0}.Release|Any CPU.Build.0 = Release|Any CPU
		{10BAE9BB-4047-4EA5-AF67-59B819A24E18}.Debug|Any CPU.ActiveCfg = Debug|Any CPU
		{10BAE9BB-4047-4EA5-AF67-59B819A24E18}.Debug|Any CPU.Build.0 = Debug|Any CPU
		{10BAE9BB-4047-4EA5-AF67-59B819A24E18}.Release|Any CPU.ActiveCfg = Release|Any CPU
		{10BAE9BB-4047-4EA5-AF67-59B819A24E18}.Release|Any CPU.Build.0 = Release|Any CPU
		{90E817D6-0A72-4D1F-AB29-1400538C063A}.Debug|Any CPU.ActiveCfg = Debug|Any CPU
		{90E817D6-0A72-4D1F-AB29-1400538C063A}.Debug|Any CPU.Build.0 = Debug|Any CPU
		{90E817D6-0A72-4D1F-AB29-1400538C063A}.Release|Any CPU.ActiveCfg = Release|Any CPU
		{90E817D6-0A72-4D1F-AB29-1400538C063A}.Release|Any CPU.Build.0 = Release|Any CPU
		{8FDC0E7C-E4A7-4F5F-8A6E-C65F4538437E}.Debug|Any CPU.ActiveCfg = Debug|Any CPU
		{8FDC0E7C-E4A7-4F5F-8A6E-C65F4538437E}.Debug|Any CPU.Build.0 = Debug|Any CPU
		{8FDC0E7C-E4A7-4F5F-8A6E-C65F4538437E}.Release|Any CPU.ActiveCfg = Release|Any CPU
		{8FDC0E7C-E4A7-4F5F-8A6E-C65F4538437E}.Release|Any CPU.Build.0 = Release|Any CPU
		{5A1B34DC-1A89-4FDD-9989-B330E4407997}.Debug|Any CPU.ActiveCfg = Debug|Any CPU
		{5A1B34DC-1A89-4FDD-9989-B330E4407997}.Debug|Any CPU.Build.0 = Debug|Any CPU
		{5A1B34DC-1A89-4FDD-9989-B330E4407997}.Release|Any CPU.ActiveCfg = Release|Any CPU
		{5A1B34DC-1A89-4FDD-9989-B330E4407997}.Release|Any CPU.Build.0 = Release|Any CPU
	EndGlobalSection
	GlobalSection(SolutionProperties) = preSolution
		HideSolutionNode = FALSE
	EndGlobalSection
EndGlobal
