
Microsoft Visual Studio Solution File, Format Version 12.00
# Visual Studio Version 17
VisualStudioVersion = 17.12.35707.178
MinimumVisualStudioVersion = 10.0.40219.1
Project("{FAE04EC0-301F-11D3-BF4B-00C04F79EFBC}") = "27-1-2025", "27-1-2025\27-1-2025.csproj", "{CF185922-7383-4623-A9C4-B75807DDD12A}"
EndProject
Project("{2150E333-8FDC-42A3-9474-1A3956D46DE8}") = "Solution Items", "Solution Items", "{6C507968-6DB0-4426-AC03-53551DA05646}"
EndProject
Global
	GlobalSection(SolutionConfigurationPlatforms) = preSolution
		Debug|Any CPU = Debug|Any CPU
		Release|Any CPU = Release|Any CPU
	EndGlobalSection
	GlobalSection(ProjectConfigurationPlatforms) = postSolution
		{CF185922-7383-4623-A9C4-B75807DDD12A}.Debug|Any CPU.ActiveCfg = Debug|Any CPU
		{CF185922-7383-4623-A9C4-B75807DDD12A}.Debug|Any CPU.Build.0 = Debug|Any CPU
		{CF185922-7383-4623-A9C4-B75807DDD12A}.Release|Any CPU.ActiveCfg = Release|Any CPU
		{CF185922-7383-4623-A9C4-B75807DDD12A}.Release|Any CPU.Build.0 = Release|Any CPU
	EndGlobalSection
	GlobalSection(SolutionProperties) = preSolution
		HideSolutionNode = FALSE
	EndGlobalSection
EndGlobal
